
Microsoft Visual Studio Solution File, Format Version 12.00
# Visual Studio 15
VisualStudioVersion = 15.0.28307.136
MinimumVisualStudioVersion = 10.0.40219.1
Project("{FAE04EC0-301F-11D3-BF4B-00C04F79EFBC}") = "Russian Roullete assiment", "Russian Roullete assiment\Russian Roullete assiment.csproj", "{37101239-1E14-42FA-ACBB-621DE3C5D1D1}"
EndProject
Global
	GlobalSection(SolutionConfigurationPlatforms) = preSolution
		Debug|Any CPU = Debug|Any CPU
		Release|Any CPU = Release|Any CPU
	EndGlobalSection
	GlobalSection(ProjectConfigurationPlatforms) = postSolution
		{37101239-1E14-42FA-ACBB-621DE3C5D1D1}.Debug|Any CPU.ActiveCfg = Debug|Any CPU
		{37101239-1E14-42FA-ACBB-621DE3C5D1D1}.Debug|Any CPU.Build.0 = Debug|Any CPU
		{37101239-1E14-42FA-ACBB-621DE3C5D1D1}.Release|Any CPU.ActiveCfg = Release|Any CPU
		{37101239-1E14-42FA-ACBB-621DE3C5D1D1}.Release|Any CPU.Build.0 = Release|Any CPU
	EndGlobalSection
	GlobalSection(SolutionProperties) = preSolution
		HideSolutionNode = FALSE
	EndGlobalSection
	GlobalSection(ExtensibilityGlobals) = postSolution
		SolutionGuid = {06E74C97-8208-4694-825C-0D09EA7E0CA8}
	EndGlobalSection
EndGlobal
